
Microsoft Visual Studio Solution File, Format Version 12.00
# Visual Studio Version 17
VisualStudioVersion = 17.0.31919.166
MinimumVisualStudioVersion = 10.0.40219.1
Project("{2150E333-8FDC-42A3-9474-1A3956D46DE8}") = "Services", "Services", "{107E4830-B1C0-45F0-881B-9AEDA8137580}"
EndProject
Project("{2150E333-8FDC-42A3-9474-1A3956D46DE8}") = "Catalog", "Catalog", "{E79003D0-E602-429A-8F77-E04174982879}"
EndProject
Project("{FAE04EC0-301F-11D3-BF4B-00C04F79EFBC}") = "Catalog.API", "Services\Catalog\Catalog.API\Catalog.API.csproj", "{54B2FD78-F610-4876-968E-CCC692EF4B51}"
EndProject
Global
	GlobalSection(SolutionConfigurationPlatforms) = preSolution
		Debug|Any CPU = Debug|Any CPU
		Release|Any CPU = Release|Any CPU
	EndGlobalSection
	GlobalSection(ProjectConfigurationPlatforms) = postSolution
		{54B2FD78-F610-4876-968E-CCC692EF4B51}.Debug|Any CPU.ActiveCfg = Debug|Any CPU
		{54B2FD78-F610-4876-968E-CCC692EF4B51}.Debug|Any CPU.Build.0 = Debug|Any CPU
		{54B2FD78-F610-4876-968E-CCC692EF4B51}.Release|Any CPU.ActiveCfg = Release|Any CPU
		{54B2FD78-F610-4876-968E-CCC692EF4B51}.Release|Any CPU.Build.0 = Release|Any CPU
	EndGlobalSection
	GlobalSection(SolutionProperties) = preSolution
		HideSolutionNode = FALSE
	EndGlobalSection
	GlobalSection(NestedProjects) = preSolution
		{E79003D0-E602-429A-8F77-E04174982879} = {107E4830-B1C0-45F0-881B-9AEDA8137580}
		{54B2FD78-F610-4876-968E-CCC692EF4B51} = {E79003D0-E602-429A-8F77-E04174982879}
	EndGlobalSection
	GlobalSection(ExtensibilityGlobals) = postSolution
		SolutionGuid = {E81C09FF-C6B5-4413-8C8A-2FCF3CF3F16F}
	EndGlobalSection
EndGlobal
